{
  "pins" : [
    {
      "identity" : "ios-snapshot-test-case",
      "kind" : "remoteSourceControl",
      "location" : "https://github.com/uber/ios-snapshot-test-case.git",
      "state" : {
        "revision" : "7b10770333a961be6e5a41c9ce04b8c6d3990126",
        "version" : "8.0.0"
      }
    },
    {
      "identity" : "viewcontrollerpresentationspy",
      "kind" : "remoteSourceControl",
      "location" : "https://github.com/jonreid/ViewControllerPresentationSpy",
      "state" : {
        "branch" : "main",
        "revision" : "07d461cd05c3206fb68cad71e2dcaccdf278f56a"
      }
    }
  ],
  "version" : 2
}
