<?xml version="1.0" encoding="UTF-8"?>
<Scheme
   LastUpgradeVersion = "1430"
   version = "1.7">
   <BuildAction
      parallelizeBuildables = "YES"
      buildImplicitDependencies = "YES">
      <BuildActionEntries>
         <BuildActionEntry
            buildForTesting = "YES"
            buildForRunning = "YES"
            buildForProfiling = "YES"
            buildForArchiving = "YES"
            buildForAnalyzing = "YES">
            <BuildableReference
               BuildableIdentifier = "primary"
               BlueprintIdentifier = "0748D13A2A7C039B00B3A6DF"
               BuildableName = "AssertYourself.app"
               BlueprintName = "AssertYourself"
               ReferencedContainer = "container:AssertYourself.xcodeproj">
            </BuildableReference>
         </BuildActionEntry>
      </BuildActionEntries>
   </BuildAction>
   <TestAction
      buildConfiguration = "Debug"
      selectedDebuggerIdentifier = "Xcode.DebuggerFoundation.Debugger.LLDB"
      selectedLauncherIdentifier = "Xcode.DebuggerFoundation.Launcher.LLDB"
      shouldUseLaunchSchemeArgsEnv = "YES">
      <TestPlans>
         <TestPlanReference
            reference = "container:Tests/AssertYourselfTests/AssertYourself.xctestplan">
         </TestPlanReference>
         <TestPlanReference
            reference = "container:Tests/LifeCycleTests/LifeCycle.xctestplan">
         </TestPlanReference>
         <TestPlanReference
            reference = "container:Tests/CodeCoverageTests/CodeCoverage.xctestplan">
         </TestPlanReference>
         <TestPlanReference
            reference = "container:Tests/AppLaunchTests/AppLaunch.xctestplan">
         </TestPlanReference>
         <TestPlanReference
            reference = "container:Tests/LoadingViewControllerTests/LoadingViewController.xctestplan">
         </TestPlanReference>
         <TestPlanReference
            reference = "container:Tests/HardDependenciesTests/HardDependencies.xctestplan">
         </TestPlanReference>
         <TestPlanReference
            reference = "container:Tests/OutletConnectionTests/OutletConnection.xctestplan">
         </TestPlanReference>
         <TestPlanReference
            reference = "container:Tests/NetworkRequestTests/NetworkRequest.xctestplan">
         </TestPlanReference>
         <TestPlanReference
            reference = "container:NetworkResponseTests/NetworkResponse.xctestplan"
            default = "YES">
         </TestPlanReference>
      </TestPlans>
      <Testables>
         <TestableReference
            skipped = "NO"
            parallelizable = "YES">
            <BuildableReference
               BuildableIdentifier = "primary"
               BlueprintIdentifier = "0748D1502A7C039E00B3A6DF"
               BuildableName = "AssertYourselfTests.xctest"
               BlueprintName = "AssertYourselfTests"
               ReferencedContainer = "container:AssertYourself.xcodeproj">
            </BuildableReference>
         </TestableReference>
         <TestableReference
            skipped = "NO"
            parallelizable = "YES">
            <BuildableReference
               BuildableIdentifier = "primary"
               BlueprintIdentifier = "0751D7F32A7D53EA00F900BF"
               BuildableName = "LifeCycleTests.xctest"
               BlueprintName = "LifeCycleTests"
               ReferencedContainer = "container:AssertYourself.xcodeproj">
            </BuildableReference>
         </TestableReference>
         <TestableReference
            skipped = "NO"
            parallelizable = "YES">
            <BuildableReference
               BuildableIdentifier = "primary"
               BlueprintIdentifier = "07BC3BE22A82390800D1B1BA"
               BuildableName = "CodeCoverageTests.xctest"
               BlueprintName = "CodeCoverageTests"
               ReferencedContainer = "container:AssertYourself.xcodeproj">
            </BuildableReference>
         </TestableReference>
         <TestableReference
            skipped = "NO"
            parallelizable = "YES">
            <BuildableReference
               BuildableIdentifier = "primary"
               BlueprintIdentifier = "07EAA49D2A8A2C7D00AE09DD"
               BuildableName = "AppLaunchTests.xctest"
               BlueprintName = "AppLaunchTests"
               ReferencedContainer = "container:AssertYourself.xcodeproj">
            </BuildableReference>
         </TestableReference>
         <TestableReference
            skipped = "NO"
            parallelizable = "YES">
            <BuildableReference
               BuildableIdentifier = "primary"
               BlueprintIdentifier = "075F6C8C2A8D046B00C8269E"
               BuildableName = "LoadingViewControllerTests.xctest"
               BlueprintName = "LoadingViewControllerTests"
               ReferencedContainer = "container:AssertYourself.xcodeproj">
            </BuildableReference>
         </TestableReference>
         <TestableReference
            skipped = "NO"
            parallelizable = "YES">
            <BuildableReference
               BuildableIdentifier = "primary"
               BlueprintIdentifier = "078463BB2A8E238A0030E0A8"
               BuildableName = "HardDependenciesTests.xctest"
               BlueprintName = "HardDependenciesTests"
               ReferencedContainer = "container:AssertYourself.xcodeproj">
            </BuildableReference>
         </TestableReference>
         <TestableReference
            skipped = "NO"
            parallelizable = "YES">
            <BuildableReference
               BuildableIdentifier = "primary"
               BlueprintIdentifier = "074E68212A934D49000B675E"
               BuildableName = "OutletConnectionTests.xctest"
               BlueprintName = "OutletConnectionTests"
               ReferencedContainer = "container:AssertYourself.xcodeproj">
            </BuildableReference>
         </TestableReference>
         <TestableReference
            skipped = "NO"
            parallelizable = "YES">
            <BuildableReference
               BuildableIdentifier = "primary"
               BlueprintIdentifier = "07FE63702A949C5400F5BCDA"
               BuildableName = "NetworkRequestTests.xctest"
               BlueprintName = "NetworkRequestTests"
               ReferencedContainer = "container:AssertYourself.xcodeproj">
            </BuildableReference>
         </TestableReference>
         <TestableReference
            skipped = "NO"
            parallelizable = "YES">
            <BuildableReference
               BuildableIdentifier = "primary"
               BlueprintIdentifier = "078ED8A62A9A5B950023982D"
               BuildableName = "NetworkResponseTests.xctest"
               BlueprintName = "NetworkResponseTests"
               ReferencedContainer = "container:AssertYourself.xcodeproj">
            </BuildableReference>
         </TestableReference>
      </Testables>
   </TestAction>
   <LaunchAction
      buildConfiguration = "Debug"
      selectedDebuggerIdentifier = "Xcode.DebuggerFoundation.Debugger.LLDB"
      selectedLauncherIdentifier = "Xcode.DebuggerFoundation.Launcher.LLDB"
      launchStyle = "0"
      useCustomWorkingDirectory = "NO"
      ignoresPersistentStateOnLaunch = "NO"
      debugDocumentVersioning = "YES"
      debugServiceExtension = "internal"
      allowLocationSimulation = "YES">
      <BuildableProductRunnable
         runnableDebuggingMode = "0">
         <BuildableReference
            BuildableIdentifier = "primary"
            BlueprintIdentifier = "0748D13A2A7C039B00B3A6DF"
            BuildableName = "AssertYourself.app"
            BlueprintName = "AssertYourself"
            ReferencedContainer = "container:AssertYourself.xcodeproj">
         </BuildableReference>
      </BuildableProductRunnable>
   </LaunchAction>
   <ProfileAction
      buildConfiguration = "Release"
      shouldUseLaunchSchemeArgsEnv = "YES"
      savedToolIdentifier = ""
      useCustomWorkingDirectory = "NO"
      debugDocumentVersioning = "YES">
      <BuildableProductRunnable
         runnableDebuggingMode = "0">
         <BuildableReference
            BuildableIdentifier = "primary"
            BlueprintIdentifier = "0748D13A2A7C039B00B3A6DF"
            BuildableName = "AssertYourself.app"
            BlueprintName = "AssertYourself"
            ReferencedContainer = "container:AssertYourself.xcodeproj">
         </BuildableReference>
      </BuildableProductRunnable>
   </ProfileAction>
   <AnalyzeAction
      buildConfiguration = "Debug">
   </AnalyzeAction>
   <ArchiveAction
      buildConfiguration = "Release"
      revealArchiveInOrganizer = "YES">
   </ArchiveAction>
</Scheme>
