// !$*UTF8*$!
{
	archiveVersion = 1;
	classes = {
	};
	objectVersion = 56;
	objects = {

/* Begin PBXBuildFile section */
		070C1CFF2A8FAD7600800D89 /* OverrideViewControllerTests.swift in Sources */ = {isa = PBXBuildFile; fileRef = 070C1CFD2A8FAD7100800D89 /* OverrideViewControllerTests.swift */; };
		070C1D012A8FBA4600800D89 /* InstanceInitializerViewControllerTests.swift in Sources */ = {isa = PBXBuildFile; fileRef = 070C1D002A8FBA4600800D89 /* InstanceInitializerViewControllerTests.swift */; };
		070C1D032A8FBADD00800D89 /* InstancePropertyViewControllerTests.swift in Sources */ = {isa = PBXBuildFile; fileRef = 070C1D022A8FBADD00800D89 /* InstancePropertyViewControllerTests.swift */; };
		070C1D052A8FBC4400800D89 /* ClosureInitializerViewControllerTests.swift in Sources */ = {isa = PBXBuildFile; fileRef = 070C1D042A8FBC4400800D89 /* ClosureInitializerViewControllerTests.swift */; };
		070C1D072A8FBDA500800D89 /* ClosurePropertyViewControllerTests.swift in Sources */ = {isa = PBXBuildFile; fileRef = 070C1D062A8FBDA500800D89 /* ClosurePropertyViewControllerTests.swift */; };
		0748D13F2A7C039B00B3A6DF /* AppDelegate.swift in Sources */ = {isa = PBXBuildFile; fileRef = 0748D13E2A7C039B00B3A6DF /* AppDelegate.swift */; };
		0748D1412A7C039B00B3A6DF /* SceneDelegate.swift in Sources */ = {isa = PBXBuildFile; fileRef = 0748D1402A7C039B00B3A6DF /* SceneDelegate.swift */; };
		0748D1432A7C039B00B3A6DF /* ViewController.swift in Sources */ = {isa = PBXBuildFile; fileRef = 0748D1422A7C039B00B3A6DF /* ViewController.swift */; };
		0748D1462A7C039B00B3A6DF /* Main.storyboard in Resources */ = {isa = PBXBuildFile; fileRef = 0748D1442A7C039B00B3A6DF /* Main.storyboard */; };
		0748D1482A7C039D00B3A6DF /* Assets.xcassets in Resources */ = {isa = PBXBuildFile; fileRef = 0748D1472A7C039D00B3A6DF /* Assets.xcassets */; };
		0748D14B2A7C039D00B3A6DF /* LaunchScreen.storyboard in Resources */ = {isa = PBXBuildFile; fileRef = 0748D1492A7C039D00B3A6DF /* LaunchScreen.storyboard */; };
		0748D1562A7C039E00B3A6DF /* AssertYourselfTests.swift in Sources */ = {isa = PBXBuildFile; fileRef = 0748D1552A7C039E00B3A6DF /* AssertYourselfTests.swift */; };
		074E68252A934D49000B675E /* OutletConnectionTests.swift in Sources */ = {isa = PBXBuildFile; fileRef = 074E68242A934D49000B675E /* OutletConnectionTests.swift */; };
		074E682E2A934E2E000B675E /* OutletConnectionsViewController.swift in Sources */ = {isa = PBXBuildFile; fileRef = 074E682C2A934E2E000B675E /* OutletConnectionsViewController.swift */; };
		074E682F2A934E2E000B675E /* OutletConnectionsViewController.xib in Resources */ = {isa = PBXBuildFile; fileRef = 074E682D2A934E2E000B675E /* OutletConnectionsViewController.xib */; };
		0751D7ED2A7D533500F900BF /* MyClass.swift in Sources */ = {isa = PBXBuildFile; fileRef = 0751D7EC2A7D533500F900BF /* MyClass.swift */; };
		0751D7F72A7D53EA00F900BF /* LifeCycleTests.swift in Sources */ = {isa = PBXBuildFile; fileRef = 0751D7F62A7D53EA00F900BF /* LifeCycleTests.swift */; };
		075F6C902A8D046B00C8269E /* LoadingViewControllerTests.swift in Sources */ = {isa = PBXBuildFile; fileRef = 075F6C8F2A8D046B00C8269E /* LoadingViewControllerTests.swift */; };
		075F6C972A8D083C00C8269E /* StoryboardBasedViewController.swift in Sources */ = {isa = PBXBuildFile; fileRef = 075F6C962A8D083C00C8269E /* StoryboardBasedViewController.swift */; };
		075F6C9A2A8D114D00C8269E /* XIBBasedViewController.swift in Sources */ = {isa = PBXBuildFile; fileRef = 075F6C982A8D114D00C8269E /* XIBBasedViewController.swift */; };
		075F6C9B2A8D114D00C8269E /* XIBBasedViewController.xib in Resources */ = {isa = PBXBuildFile; fileRef = 075F6C992A8D114D00C8269E /* XIBBasedViewController.xib */; };
		075F6C9E2A8D126100C8269E /* XIBBasedViewControllerTests.swift in Sources */ = {isa = PBXBuildFile; fileRef = 075F6C9C2A8D11EE00C8269E /* XIBBasedViewControllerTests.swift */; };
		075F6CA02A8D1E7700C8269E /* CodeBaseViewController.swift in Sources */ = {isa = PBXBuildFile; fileRef = 075F6C9F2A8D1E7700C8269E /* CodeBaseViewController.swift */; };
		075F6CA42A8D1E9100C8269E /* CodeBaseViewControllerTests.swift in Sources */ = {isa = PBXBuildFile; fileRef = 075F6CA12A8D1E8A00C8269E /* CodeBaseViewControllerTests.swift */; };
		078463C72A8E35540030E0A8 /* Analytics.swift in Sources */ = {isa = PBXBuildFile; fileRef = 078463C62A8E35540030E0A8 /* Analytics.swift */; };
		078463CA2A8E35D40030E0A8 /* MySingletonAnalytics.swift in Sources */ = {isa = PBXBuildFile; fileRef = 078463C92A8E35D40030E0A8 /* MySingletonAnalytics.swift */; };
		078463CC2A8E36720030E0A8 /* InstancePropertyViewController.swift in Sources */ = {isa = PBXBuildFile; fileRef = 078463CB2A8E36720030E0A8 /* InstancePropertyViewController.swift */; };
		078463CF2A8E36D40030E0A8 /* ClosurePropertyViewController.swift in Sources */ = {isa = PBXBuildFile; fileRef = 078463CE2A8E36D40030E0A8 /* ClosurePropertyViewController.swift */; };
		078463D22A8E37570030E0A8 /* OverrideViewController.swift in Sources */ = {isa = PBXBuildFile; fileRef = 078463D02A8E37570030E0A8 /* OverrideViewController.swift */; };
		078463D32A8E37570030E0A8 /* OverrideViewController.xib in Resources */ = {isa = PBXBuildFile; fileRef = 078463D12A8E37570030E0A8 /* OverrideViewController.xib */; };
		078463D72A8E37860030E0A8 /* InstanceInitializerViewController.swift in Sources */ = {isa = PBXBuildFile; fileRef = 078463D52A8E37860030E0A8 /* InstanceInitializerViewController.swift */; };
		078463D82A8E37860030E0A8 /* InstanceInitializerViewController.xib in Resources */ = {isa = PBXBuildFile; fileRef = 078463D62A8E37860030E0A8 /* InstanceInitializerViewController.xib */; };
		078463DB2A8E379B0030E0A8 /* ClosureInitializerViewController.swift in Sources */ = {isa = PBXBuildFile; fileRef = 078463D92A8E379B0030E0A8 /* ClosureInitializerViewController.swift */; };
		078463DC2A8E379B0030E0A8 /* ClosureInitializerViewController.xib in Resources */ = {isa = PBXBuildFile; fileRef = 078463DA2A8E379B0030E0A8 /* ClosureInitializerViewController.xib */; };
		078463DF2A8E37B20030E0A8 /* MySingletonViewController.swift in Sources */ = {isa = PBXBuildFile; fileRef = 078463DD2A8E37B20030E0A8 /* MySingletonViewController.swift */; };
		078463E02A8E37B20030E0A8 /* MySingletonViewController.xib in Resources */ = {isa = PBXBuildFile; fileRef = 078463DE2A8E37B20030E0A8 /* MySingletonViewController.xib */; };
		078C5BB62A8E75F100D4EBE0 /* MySingletonViewControllerTests.swift in Sources */ = {isa = PBXBuildFile; fileRef = 078C5BB42A8E75A600D4EBE0 /* MySingletonViewControllerTests.swift */; };
		078C5BB72A8E76B500D4EBE0 /* TestAppDelegate.swift in Sources */ = {isa = PBXBuildFile; fileRef = 07EAA4A72A8A305600AE09DD /* TestAppDelegate.swift */; };
		078C5BB82A8E76B500D4EBE0 /* TestAppDelegate.swift in Sources */ = {isa = PBXBuildFile; fileRef = 07EAA4A72A8A305600AE09DD /* TestAppDelegate.swift */; };
		078C5BB92A8E76B800D4EBE0 /* TestAppDelegate.swift in Sources */ = {isa = PBXBuildFile; fileRef = 07EAA4A72A8A305600AE09DD /* TestAppDelegate.swift */; };
		078C5BBA2A8E76B800D4EBE0 /* TestAppDelegate.swift in Sources */ = {isa = PBXBuildFile; fileRef = 07EAA4A72A8A305600AE09DD /* TestAppDelegate.swift */; };
		078C5BBB2A8E76B800D4EBE0 /* TestAppDelegate.swift in Sources */ = {isa = PBXBuildFile; fileRef = 07EAA4A72A8A305600AE09DD /* TestAppDelegate.swift */; };
		07BC3BE62A82390800D1B1BA /* CodeCoverageTests.swift in Sources */ = {isa = PBXBuildFile; fileRef = 07BC3BE52A82390800D1B1BA /* CodeCoverageTests.swift */; };
		07BC3BEE2A82742900D1B1BA /* CoveredClass.swift in Sources */ = {isa = PBXBuildFile; fileRef = 07BC3BED2A82742900D1B1BA /* CoveredClass.swift */; };
		07D536B72A8A5C7200F1B152 /* MainWrapper.swift in Sources */ = {isa = PBXBuildFile; fileRef = 07D536B62A8A5C7200F1B152 /* MainWrapper.swift */; };
		07EAA4A12A8A2C7D00AE09DD /* AppLaunchTests.swift in Sources */ = {isa = PBXBuildFile; fileRef = 07EAA4A02A8A2C7D00AE09DD /* AppLaunchTests.swift */; };
		07EAA4A82A8A305600AE09DD /* TestAppDelegate.swift in Sources */ = {isa = PBXBuildFile; fileRef = 07EAA4A72A8A305600AE09DD /* TestAppDelegate.swift */; };
/* End PBXBuildFile section */

/* Begin PBXContainerItemProxy section */
		0748D1522A7C039E00B3A6DF /* PBXContainerItemProxy */ = {
			isa = PBXContainerItemProxy;
			containerPortal = 0748D1332A7C039B00B3A6DF /* Project object */;
			proxyType = 1;
			remoteGlobalIDString = 0748D13A2A7C039B00B3A6DF;
			remoteInfo = AssertYourself;
		};
		074E68262A934D49000B675E /* PBXContainerItemProxy */ = {
			isa = PBXContainerItemProxy;
			containerPortal = 0748D1332A7C039B00B3A6DF /* Project object */;
			proxyType = 1;
			remoteGlobalIDString = 0748D13A2A7C039B00B3A6DF;
			remoteInfo = AssertYourself;
		};
		0751D7F82A7D53EA00F900BF /* PBXContainerItemProxy */ = {
			isa = PBXContainerItemProxy;
			containerPortal = 0748D1332A7C039B00B3A6DF /* Project object */;
			proxyType = 1;
			remoteGlobalIDString = 0748D13A2A7C039B00B3A6DF;
			remoteInfo = AssertYourself;
		};
		075F6C912A8D046B00C8269E /* PBXContainerItemProxy */ = {
			isa = PBXContainerItemProxy;
			containerPortal = 0748D1332A7C039B00B3A6DF /* Project object */;
			proxyType = 1;
			remoteGlobalIDString = 0748D13A2A7C039B00B3A6DF;
			remoteInfo = AssertYourself;
		};
		078463C02A8E238A0030E0A8 /* PBXContainerItemProxy */ = {
			isa = PBXContainerItemProxy;
			containerPortal = 0748D1332A7C039B00B3A6DF /* Project object */;
			proxyType = 1;
			remoteGlobalIDString = 0748D13A2A7C039B00B3A6DF;
			remoteInfo = AssertYourself;
		};
		07BC3BE72A82390800D1B1BA /* PBXContainerItemProxy */ = {
			isa = PBXContainerItemProxy;
			containerPortal = 0748D1332A7C039B00B3A6DF /* Project object */;
			proxyType = 1;
			remoteGlobalIDString = 0748D13A2A7C039B00B3A6DF;
			remoteInfo = AssertYourself;
		};
		07EAA4A22A8A2C7D00AE09DD /* PBXContainerItemProxy */ = {
			isa = PBXContainerItemProxy;
			containerPortal = 0748D1332A7C039B00B3A6DF /* Project object */;
			proxyType = 1;
			remoteGlobalIDString = 0748D13A2A7C039B00B3A6DF;
			remoteInfo = AssertYourself;
		};
/* End PBXContainerItemProxy section */

/* Begin PBXFileReference section */
		070C1CFD2A8FAD7100800D89 /* OverrideViewControllerTests.swift */ = {isa = PBXFileReference; lastKnownFileType = sourcecode.swift; path = OverrideViewControllerTests.swift; sourceTree = "<group>"; };
		070C1D002A8FBA4600800D89 /* InstanceInitializerViewControllerTests.swift */ = {isa = PBXFileReference; lastKnownFileType = sourcecode.swift; path = InstanceInitializerViewControllerTests.swift; sourceTree = "<group>"; };
		070C1D022A8FBADD00800D89 /* InstancePropertyViewControllerTests.swift */ = {isa = PBXFileReference; lastKnownFileType = sourcecode.swift; path = InstancePropertyViewControllerTests.swift; sourceTree = "<group>"; };
		070C1D042A8FBC4400800D89 /* ClosureInitializerViewControllerTests.swift */ = {isa = PBXFileReference; lastKnownFileType = sourcecode.swift; path = ClosureInitializerViewControllerTests.swift; sourceTree = "<group>"; };
		070C1D062A8FBDA500800D89 /* ClosurePropertyViewControllerTests.swift */ = {isa = PBXFileReference; lastKnownFileType = sourcecode.swift; path = ClosurePropertyViewControllerTests.swift; sourceTree = "<group>"; };
		0748D13B2A7C039B00B3A6DF /* AssertYourself.app */ = {isa = PBXFileReference; explicitFileType = wrapper.application; includeInIndex = 0; path = AssertYourself.app; sourceTree = BUILT_PRODUCTS_DIR; };
		0748D13E2A7C039B00B3A6DF /* AppDelegate.swift */ = {isa = PBXFileReference; lastKnownFileType = sourcecode.swift; path = AppDelegate.swift; sourceTree = "<group>"; };
		0748D1402A7C039B00B3A6DF /* SceneDelegate.swift */ = {isa = PBXFileReference; lastKnownFileType = sourcecode.swift; path = SceneDelegate.swift; sourceTree = "<group>"; };
		0748D1422A7C039B00B3A6DF /* ViewController.swift */ = {isa = PBXFileReference; lastKnownFileType = sourcecode.swift; path = ViewController.swift; sourceTree = "<group>"; };
		0748D1452A7C039B00B3A6DF /* Base */ = {isa = PBXFileReference; lastKnownFileType = file.storyboard; name = Base; path = Base.lproj/Main.storyboard; sourceTree = "<group>"; };
		0748D1472A7C039D00B3A6DF /* Assets.xcassets */ = {isa = PBXFileReference; lastKnownFileType = folder.assetcatalog; path = Assets.xcassets; sourceTree = "<group>"; };
		0748D14A2A7C039D00B3A6DF /* Base */ = {isa = PBXFileReference; lastKnownFileType = file.storyboard; name = Base; path = Base.lproj/LaunchScreen.storyboard; sourceTree = "<group>"; };
		0748D14C2A7C039D00B3A6DF /* Info.plist */ = {isa = PBXFileReference; lastKnownFileType = text.plist.xml; path = Info.plist; sourceTree = "<group>"; };
		0748D1512A7C039E00B3A6DF /* AssertYourselfTests.xctest */ = {isa = PBXFileReference; explicitFileType = wrapper.cfbundle; includeInIndex = 0; path = AssertYourselfTests.xctest; sourceTree = BUILT_PRODUCTS_DIR; };
		0748D1552A7C039E00B3A6DF /* AssertYourselfTests.swift */ = {isa = PBXFileReference; lastKnownFileType = sourcecode.swift; path = AssertYourselfTests.swift; sourceTree = "<group>"; };
		074E68222A934D49000B675E /* OutletConnectionTests.xctest */ = {isa = PBXFileReference; explicitFileType = wrapper.cfbundle; includeInIndex = 0; path = OutletConnectionTests.xctest; sourceTree = BUILT_PRODUCTS_DIR; };
		074E68242A934D49000B675E /* OutletConnectionTests.swift */ = {isa = PBXFileReference; lastKnownFileType = sourcecode.swift; path = OutletConnectionTests.swift; sourceTree = "<group>"; };
		074E682B2A934D70000B675E /* OutletConnection.xctestplan */ = {isa = PBXFileReference; lastKnownFileType = text; path = OutletConnection.xctestplan; sourceTree = "<group>"; };
		074E682C2A934E2E000B675E /* OutletConnectionsViewController.swift */ = {isa = PBXFileReference; lastKnownFileType = sourcecode.swift; path = OutletConnectionsViewController.swift; sourceTree = "<group>"; };
		074E682D2A934E2E000B675E /* OutletConnectionsViewController.xib */ = {isa = PBXFileReference; lastKnownFileType = file.xib; path = OutletConnectionsViewController.xib; sourceTree = "<group>"; };
		0751D7EC2A7D533500F900BF /* MyClass.swift */ = {isa = PBXFileReference; lastKnownFileType = sourcecode.swift; path = MyClass.swift; sourceTree = "<group>"; };
		0751D7F42A7D53EA00F900BF /* LifeCycleTests.xctest */ = {isa = PBXFileReference; explicitFileType = wrapper.cfbundle; includeInIndex = 0; path = LifeCycleTests.xctest; sourceTree = BUILT_PRODUCTS_DIR; };
		0751D7F62A7D53EA00F900BF /* LifeCycleTests.swift */ = {isa = PBXFileReference; lastKnownFileType = sourcecode.swift; path = LifeCycleTests.swift; sourceTree = "<group>"; };
		0751D7FD2A7D544800F900BF /* LifeCycle.xctestplan */ = {isa = PBXFileReference; lastKnownFileType = text; path = LifeCycle.xctestplan; sourceTree = "<group>"; };
		075F6C882A8D045500C8269E /* LoadingViewController.xctestplan */ = {isa = PBXFileReference; lastKnownFileType = text; path = LoadingViewController.xctestplan; sourceTree = "<group>"; };
		075F6C8D2A8D046B00C8269E /* LoadingViewControllerTests.xctest */ = {isa = PBXFileReference; explicitFileType = wrapper.cfbundle; includeInIndex = 0; path = LoadingViewControllerTests.xctest; sourceTree = BUILT_PRODUCTS_DIR; };
		075F6C8F2A8D046B00C8269E /* LoadingViewControllerTests.swift */ = {isa = PBXFileReference; lastKnownFileType = sourcecode.swift; path = LoadingViewControllerTests.swift; sourceTree = "<group>"; };
		075F6C962A8D083C00C8269E /* StoryboardBasedViewController.swift */ = {isa = PBXFileReference; lastKnownFileType = sourcecode.swift; path = StoryboardBasedViewController.swift; sourceTree = "<group>"; };
		075F6C982A8D114D00C8269E /* XIBBasedViewController.swift */ = {isa = PBXFileReference; lastKnownFileType = sourcecode.swift; path = XIBBasedViewController.swift; sourceTree = "<group>"; };
		075F6C992A8D114D00C8269E /* XIBBasedViewController.xib */ = {isa = PBXFileReference; lastKnownFileType = file.xib; path = XIBBasedViewController.xib; sourceTree = "<group>"; };
		075F6C9C2A8D11EE00C8269E /* XIBBasedViewControllerTests.swift */ = {isa = PBXFileReference; lastKnownFileType = sourcecode.swift; path = XIBBasedViewControllerTests.swift; sourceTree = "<group>"; };
		075F6C9F2A8D1E7700C8269E /* CodeBaseViewController.swift */ = {isa = PBXFileReference; lastKnownFileType = sourcecode.swift; path = CodeBaseViewController.swift; sourceTree = "<group>"; };
		075F6CA12A8D1E8A00C8269E /* CodeBaseViewControllerTests.swift */ = {isa = PBXFileReference; lastKnownFileType = sourcecode.swift; path = CodeBaseViewControllerTests.swift; sourceTree = "<group>"; };
		078463BC2A8E238A0030E0A8 /* HardDependenciesTests.xctest */ = {isa = PBXFileReference; explicitFileType = wrapper.cfbundle; includeInIndex = 0; path = HardDependenciesTests.xctest; sourceTree = BUILT_PRODUCTS_DIR; };
		078463C52A8E239D0030E0A8 /* HardDependencies.xctestplan */ = {isa = PBXFileReference; lastKnownFileType = text; path = HardDependencies.xctestplan; sourceTree = "<group>"; };
		078463C62A8E35540030E0A8 /* Analytics.swift */ = {isa = PBXFileReference; lastKnownFileType = sourcecode.swift; path = Analytics.swift; sourceTree = "<group>"; };
		078463C92A8E35D40030E0A8 /* MySingletonAnalytics.swift */ = {isa = PBXFileReference; lastKnownFileType = sourcecode.swift; path = MySingletonAnalytics.swift; sourceTree = "<group>"; };
		078463CB2A8E36720030E0A8 /* InstancePropertyViewController.swift */ = {isa = PBXFileReference; lastKnownFileType = sourcecode.swift; path = InstancePropertyViewController.swift; sourceTree = "<group>"; };
		078463CE2A8E36D40030E0A8 /* ClosurePropertyViewController.swift */ = {isa = PBXFileReference; lastKnownFileType = sourcecode.swift; path = ClosurePropertyViewController.swift; sourceTree = "<group>"; };
		078463D02A8E37570030E0A8 /* OverrideViewController.swift */ = {isa = PBXFileReference; lastKnownFileType = sourcecode.swift; path = OverrideViewController.swift; sourceTree = "<group>"; };
		078463D12A8E37570030E0A8 /* OverrideViewController.xib */ = {isa = PBXFileReference; lastKnownFileType = file.xib; path = OverrideViewController.xib; sourceTree = "<group>"; };
		078463D52A8E37860030E0A8 /* InstanceInitializerViewController.swift */ = {isa = PBXFileReference; lastKnownFileType = sourcecode.swift; path = InstanceInitializerViewController.swift; sourceTree = "<group>"; };
		078463D62A8E37860030E0A8 /* InstanceInitializerViewController.xib */ = {isa = PBXFileReference; lastKnownFileType = file.xib; path = InstanceInitializerViewController.xib; sourceTree = "<group>"; };
		078463D92A8E379B0030E0A8 /* ClosureInitializerViewController.swift */ = {isa = PBXFileReference; lastKnownFileType = sourcecode.swift; path = ClosureInitializerViewController.swift; sourceTree = "<group>"; };
		078463DA2A8E379B0030E0A8 /* ClosureInitializerViewController.xib */ = {isa = PBXFileReference; lastKnownFileType = file.xib; path = ClosureInitializerViewController.xib; sourceTree = "<group>"; };
		078463DD2A8E37B20030E0A8 /* MySingletonViewController.swift */ = {isa = PBXFileReference; lastKnownFileType = sourcecode.swift; path = MySingletonViewController.swift; sourceTree = "<group>"; };
		078463DE2A8E37B20030E0A8 /* MySingletonViewController.xib */ = {isa = PBXFileReference; lastKnownFileType = file.xib; path = MySingletonViewController.xib; sourceTree = "<group>"; };
		078C5BB42A8E75A600D4EBE0 /* MySingletonViewControllerTests.swift */ = {isa = PBXFileReference; lastKnownFileType = sourcecode.swift; path = MySingletonViewControllerTests.swift; sourceTree = "<group>"; };
		07BC3BE32A82390800D1B1BA /* CodeCoverageTests.xctest */ = {isa = PBXFileReference; explicitFileType = wrapper.cfbundle; includeInIndex = 0; path = CodeCoverageTests.xctest; sourceTree = BUILT_PRODUCTS_DIR; };
		07BC3BE52A82390800D1B1BA /* CodeCoverageTests.swift */ = {isa = PBXFileReference; lastKnownFileType = sourcecode.swift; path = CodeCoverageTests.swift; sourceTree = "<group>"; };
		07BC3BEC2A82398900D1B1BA /* CodeCoverage.xctestplan */ = {isa = PBXFileReference; lastKnownFileType = text; path = CodeCoverage.xctestplan; sourceTree = "<group>"; };
		07BC3BED2A82742900D1B1BA /* CoveredClass.swift */ = {isa = PBXFileReference; lastKnownFileType = sourcecode.swift; path = CoveredClass.swift; sourceTree = "<group>"; };
		07D536B62A8A5C7200F1B152 /* MainWrapper.swift */ = {isa = PBXFileReference; lastKnownFileType = sourcecode.swift; path = MainWrapper.swift; sourceTree = "<group>"; };
		07EAA4962A8A2C1200AE09DD /* AppLaunch.xctestplan */ = {isa = PBXFileReference; lastKnownFileType = text; path = AppLaunch.xctestplan; sourceTree = "<group>"; };
		07EAA49E2A8A2C7D00AE09DD /* AppLaunchTests.xctest */ = {isa = PBXFileReference; explicitFileType = wrapper.cfbundle; includeInIndex = 0; path = AppLaunchTests.xctest; sourceTree = BUILT_PRODUCTS_DIR; };
		07EAA4A02A8A2C7D00AE09DD /* AppLaunchTests.swift */ = {isa = PBXFileReference; lastKnownFileType = sourcecode.swift; path = AppLaunchTests.swift; sourceTree = "<group>"; };
		07EAA4A72A8A305600AE09DD /* TestAppDelegate.swift */ = {isa = PBXFileReference; lastKnownFileType = sourcecode.swift; path = TestAppDelegate.swift; sourceTree = "<group>"; };
		07F9C35C2A7C3E070060C773 /* AssertYourself.xctestplan */ = {isa = PBXFileReference; lastKnownFileType = text; name = AssertYourself.xctestplan; path = Tests/AssertYourselfTests/AssertYourself.xctestplan; sourceTree = SOURCE_ROOT; };
/* End PBXFileReference section */

/* Begin PBXFrameworksBuildPhase section */
		0748D1382A7C039B00B3A6DF /* Frameworks */ = {
			isa = PBXFrameworksBuildPhase;
			buildActionMask = 2147483647;
			files = (
			);
			runOnlyForDeploymentPostprocessing = 0;
		};
		0748D14E2A7C039E00B3A6DF /* Frameworks */ = {
			isa = PBXFrameworksBuildPhase;
			buildActionMask = 2147483647;
			files = (
			);
			runOnlyForDeploymentPostprocessing = 0;
		};
		074E681F2A934D49000B675E /* Frameworks */ = {
			isa = PBXFrameworksBuildPhase;
			buildActionMask = 2147483647;
			files = (
			);
			runOnlyForDeploymentPostprocessing = 0;
		};
		0751D7F12A7D53EA00F900BF /* Frameworks */ = {
			isa = PBXFrameworksBuildPhase;
			buildActionMask = 2147483647;
			files = (
			);
			runOnlyForDeploymentPostprocessing = 0;
		};
		075F6C8A2A8D046B00C8269E /* Frameworks */ = {
			isa = PBXFrameworksBuildPhase;
			buildActionMask = 2147483647;
			files = (
			);
			runOnlyForDeploymentPostprocessing = 0;
		};
		078463B92A8E238A0030E0A8 /* Frameworks */ = {
			isa = PBXFrameworksBuildPhase;
			buildActionMask = 2147483647;
			files = (
			);
			runOnlyForDeploymentPostprocessing = 0;
		};
		07BC3BE02A82390800D1B1BA /* Frameworks */ = {
			isa = PBXFrameworksBuildPhase;
			buildActionMask = 2147483647;
			files = (
			);
			runOnlyForDeploymentPostprocessing = 0;
		};
		07EAA49B2A8A2C7D00AE09DD /* Frameworks */ = {
			isa = PBXFrameworksBuildPhase;
			buildActionMask = 2147483647;
			files = (
			);
			runOnlyForDeploymentPostprocessing = 0;
		};
/* End PBXFrameworksBuildPhase section */

/* Begin PBXGroup section */
		0748D1322A7C039B00B3A6DF = {
			isa = PBXGroup;
			children = (
				0751D7EB2A7D531C00F900BF /* Core */,
				0748D16E2A7C03CA00B3A6DF /* View */,
				0748D1702A7C03F300B3A6DF /* ViewController */,
				0748D16F2A7C03E600B3A6DF /* Support */,
				0790CE4D2A7C3495009B8A64 /* Tests */,
				0748D13C2A7C039B00B3A6DF /* Products */,
			);
			sourceTree = "<group>";
		};
		0748D13C2A7C039B00B3A6DF /* Products */ = {
			isa = PBXGroup;
			children = (
				0748D13B2A7C039B00B3A6DF /* AssertYourself.app */,
				0748D1512A7C039E00B3A6DF /* AssertYourselfTests.xctest */,
				0751D7F42A7D53EA00F900BF /* LifeCycleTests.xctest */,
				07BC3BE32A82390800D1B1BA /* CodeCoverageTests.xctest */,
				07EAA49E2A8A2C7D00AE09DD /* AppLaunchTests.xctest */,
				075F6C8D2A8D046B00C8269E /* LoadingViewControllerTests.xctest */,
				078463BC2A8E238A0030E0A8 /* HardDependenciesTests.xctest */,
				074E68222A934D49000B675E /* OutletConnectionTests.xctest */,
			);
			name = Products;
			sourceTree = "<group>";
		};
		0748D1542A7C039E00B3A6DF /* AssertYourselfTests */ = {
			isa = PBXGroup;
			children = (
				07F9C35C2A7C3E070060C773 /* AssertYourself.xctestplan */,
				0748D1552A7C039E00B3A6DF /* AssertYourselfTests.swift */,
			);
			path = AssertYourselfTests;
			sourceTree = "<group>";
		};
		0748D16E2A7C03CA00B3A6DF /* View */ = {
			isa = PBXGroup;
			children = (
				078463D42A8E37700030E0A8 /* Analytics */,
				0748D1492A7C039D00B3A6DF /* LaunchScreen.storyboard */,
				0748D1442A7C039B00B3A6DF /* Main.storyboard */,
				075F6C992A8D114D00C8269E /* XIBBasedViewController.xib */,
				074E682D2A934E2E000B675E /* OutletConnectionsViewController.xib */,
			);
			path = View;
			sourceTree = "<group>";
		};
		0748D16F2A7C03E600B3A6DF /* Support */ = {
			isa = PBXGroup;
			children = (
				0748D1712A7C041C00B3A6DF /* Delegates */,
				0748D1472A7C039D00B3A6DF /* Assets.xcassets */,
				0748D14C2A7C039D00B3A6DF /* Info.plist */,
			);
			path = Support;
			sourceTree = "<group>";
		};
		0748D1702A7C03F300B3A6DF /* ViewController */ = {
			isa = PBXGroup;
			children = (
				078463CD2A8E36C60030E0A8 /* Analytics */,
				0748D1422A7C039B00B3A6DF /* ViewController.swift */,
				075F6C962A8D083C00C8269E /* StoryboardBasedViewController.swift */,
				075F6C982A8D114D00C8269E /* XIBBasedViewController.swift */,
				075F6C9F2A8D1E7700C8269E /* CodeBaseViewController.swift */,
				074E682C2A934E2E000B675E /* OutletConnectionsViewController.swift */,
			);
			path = ViewController;
			sourceTree = "<group>";
		};
		0748D1712A7C041C00B3A6DF /* Delegates */ = {
			isa = PBXGroup;
			children = (
				07D536B62A8A5C7200F1B152 /* MainWrapper.swift */,
				0748D13E2A7C039B00B3A6DF /* AppDelegate.swift */,
				07EAA4A72A8A305600AE09DD /* TestAppDelegate.swift */,
				0748D1402A7C039B00B3A6DF /* SceneDelegate.swift */,
			);
			path = Delegates;
			sourceTree = "<group>";
		};
		074E68232A934D49000B675E /* OutletConnectionTests */ = {
			isa = PBXGroup;
			children = (
				074E682B2A934D70000B675E /* OutletConnection.xctestplan */,
				074E68242A934D49000B675E /* OutletConnectionTests.swift */,
			);
			path = OutletConnectionTests;
			sourceTree = "<group>";
		};
		0751D7EB2A7D531C00F900BF /* Core */ = {
			isa = PBXGroup;
			children = (
				078463C82A8E35C40030E0A8 /* Analytics */,
				0751D7EC2A7D533500F900BF /* MyClass.swift */,
				07BC3BED2A82742900D1B1BA /* CoveredClass.swift */,
			);
			path = Core;
			sourceTree = "<group>";
		};
		0751D7F52A7D53EA00F900BF /* LifeCycleTests */ = {
			isa = PBXGroup;
			children = (
				0751D7FD2A7D544800F900BF /* LifeCycle.xctestplan */,
				0751D7F62A7D53EA00F900BF /* LifeCycleTests.swift */,
			);
			path = LifeCycleTests;
			sourceTree = "<group>";
		};
		075F6C8E2A8D046B00C8269E /* LoadingViewControllerTests */ = {
			isa = PBXGroup;
			children = (
				075F6C882A8D045500C8269E /* LoadingViewController.xctestplan */,
				075F6C8F2A8D046B00C8269E /* LoadingViewControllerTests.swift */,
				075F6C9C2A8D11EE00C8269E /* XIBBasedViewControllerTests.swift */,
				075F6CA12A8D1E8A00C8269E /* CodeBaseViewControllerTests.swift */,
			);
			path = LoadingViewControllerTests;
			sourceTree = "<group>";
		};
		078463BD2A8E238A0030E0A8 /* HardDependenciesTests */ = {
			isa = PBXGroup;
			children = (
				078463C52A8E239D0030E0A8 /* HardDependencies.xctestplan */,
				078C5BB42A8E75A600D4EBE0 /* MySingletonViewControllerTests.swift */,
				070C1CFD2A8FAD7100800D89 /* OverrideViewControllerTests.swift */,
				070C1D002A8FBA4600800D89 /* InstanceInitializerViewControllerTests.swift */,
				070C1D022A8FBADD00800D89 /* InstancePropertyViewControllerTests.swift */,
				070C1D042A8FBC4400800D89 /* ClosureInitializerViewControllerTests.swift */,
				070C1D062A8FBDA500800D89 /* ClosurePropertyViewControllerTests.swift */,
			);
			path = HardDependenciesTests;
			sourceTree = "<group>";
		};
		078463C82A8E35C40030E0A8 /* Analytics */ = {
			isa = PBXGroup;
			children = (
				078463C62A8E35540030E0A8 /* Analytics.swift */,
				078463C92A8E35D40030E0A8 /* MySingletonAnalytics.swift */,
			);
			path = Analytics;
			sourceTree = "<group>";
		};
		078463CD2A8E36C60030E0A8 /* Analytics */ = {
			isa = PBXGroup;
			children = (
				078463CB2A8E36720030E0A8 /* InstancePropertyViewController.swift */,
				078463CE2A8E36D40030E0A8 /* ClosurePropertyViewController.swift */,
				078463D02A8E37570030E0A8 /* OverrideViewController.swift */,
				078463D52A8E37860030E0A8 /* InstanceInitializerViewController.swift */,
				078463D92A8E379B0030E0A8 /* ClosureInitializerViewController.swift */,
				078463DD2A8E37B20030E0A8 /* MySingletonViewController.swift */,
			);
			path = Analytics;
			sourceTree = "<group>";
		};
		078463D42A8E37700030E0A8 /* Analytics */ = {
			isa = PBXGroup;
			children = (
				078463D12A8E37570030E0A8 /* OverrideViewController.xib */,
				078463D62A8E37860030E0A8 /* InstanceInitializerViewController.xib */,
				078463DA2A8E379B0030E0A8 /* ClosureInitializerViewController.xib */,
				078463DE2A8E37B20030E0A8 /* MySingletonViewController.xib */,
			);
			path = Analytics;
			sourceTree = "<group>";
		};
		0790CE4D2A7C3495009B8A64 /* Tests */ = {
			isa = PBXGroup;
			children = (
				0748D1542A7C039E00B3A6DF /* AssertYourselfTests */,
				0751D7F52A7D53EA00F900BF /* LifeCycleTests */,
				07BC3BE42A82390800D1B1BA /* CodeCoverageTests */,
				07EAA4972A8A2C1700AE09DD /* AppLaunchTests */,
				075F6C8E2A8D046B00C8269E /* LoadingViewControllerTests */,
				078463BD2A8E238A0030E0A8 /* HardDependenciesTests */,
				074E68232A934D49000B675E /* OutletConnectionTests */,
			);
			path = Tests;
			sourceTree = "<group>";
		};
		07BC3BE42A82390800D1B1BA /* CodeCoverageTests */ = {
			isa = PBXGroup;
			children = (
				07BC3BEC2A82398900D1B1BA /* CodeCoverage.xctestplan */,
				07BC3BE52A82390800D1B1BA /* CodeCoverageTests.swift */,
			);
			path = CodeCoverageTests;
			sourceTree = "<group>";
		};
		07EAA4972A8A2C1700AE09DD /* AppLaunchTests */ = {
			isa = PBXGroup;
			children = (
				07EAA4962A8A2C1200AE09DD /* AppLaunch.xctestplan */,
				07EAA4A02A8A2C7D00AE09DD /* AppLaunchTests.swift */,
			);
			path = AppLaunchTests;
			sourceTree = "<group>";
		};
/* End PBXGroup section */

/* Begin PBXNativeTarget section */
		0748D13A2A7C039B00B3A6DF /* AssertYourself */ = {
			isa = PBXNativeTarget;
			buildConfigurationList = 0748D1652A7C039E00B3A6DF /* Build configuration list for PBXNativeTarget "AssertYourself" */;
			buildPhases = (
				0748D1372A7C039B00B3A6DF /* Sources */,
				0748D1382A7C039B00B3A6DF /* Frameworks */,
				0748D1392A7C039B00B3A6DF /* Resources */,
			);
			buildRules = (
			);
			dependencies = (
			);
			name = AssertYourself;
			productName = AssertYourself;
			productReference = 0748D13B2A7C039B00B3A6DF /* AssertYourself.app */;
			productType = "com.apple.product-type.application";
		};
		0748D1502A7C039E00B3A6DF /* AssertYourselfTests */ = {
			isa = PBXNativeTarget;
			buildConfigurationList = 0748D1682A7C039E00B3A6DF /* Build configuration list for PBXNativeTarget "AssertYourselfTests" */;
			buildPhases = (
				0748D14D2A7C039E00B3A6DF /* Sources */,
				0748D14E2A7C039E00B3A6DF /* Frameworks */,
				0748D14F2A7C039E00B3A6DF /* Resources */,
			);
			buildRules = (
			);
			dependencies = (
				0748D1532A7C039E00B3A6DF /* PBXTargetDependency */,
			);
			name = AssertYourselfTests;
			productName = AssertYourselfTests;
			productReference = 0748D1512A7C039E00B3A6DF /* AssertYourselfTests.xctest */;
			productType = "com.apple.product-type.bundle.unit-test";
		};
		074E68212A934D49000B675E /* OutletConnectionTests */ = {
			isa = PBXNativeTarget;
			buildConfigurationList = 074E682A2A934D49000B675E /* Build configuration list for PBXNativeTarget "OutletConnectionTests" */;
			buildPhases = (
				074E681E2A934D49000B675E /* Sources */,
				074E681F2A934D49000B675E /* Frameworks */,
				074E68202A934D49000B675E /* Resources */,
			);
			buildRules = (
			);
			dependencies = (
				074E68272A934D49000B675E /* PBXTargetDependency */,
			);
			name = OutletConnectionTests;
			productName = OutletConnectionTests;
			productReference = 074E68222A934D49000B675E /* OutletConnectionTests.xctest */;
			productType = "com.apple.product-type.bundle.unit-test";
		};
		0751D7F32A7D53EA00F900BF /* LifeCycleTests */ = {
			isa = PBXNativeTarget;
			buildConfigurationList = 0751D7FA2A7D53EA00F900BF /* Build configuration list for PBXNativeTarget "LifeCycleTests" */;
			buildPhases = (
				0751D7F02A7D53EA00F900BF /* Sources */,
				0751D7F12A7D53EA00F900BF /* Frameworks */,
				0751D7F22A7D53EA00F900BF /* Resources */,
			);
			buildRules = (
			);
			dependencies = (
				0751D7F92A7D53EA00F900BF /* PBXTargetDependency */,
			);
			name = LifeCycleTests;
			productName = LifeCycleTests;
			productReference = 0751D7F42A7D53EA00F900BF /* LifeCycleTests.xctest */;
			productType = "com.apple.product-type.bundle.unit-test";
		};
		075F6C8C2A8D046B00C8269E /* LoadingViewControllerTests */ = {
			isa = PBXNativeTarget;
			buildConfigurationList = 075F6C932A8D046B00C8269E /* Build configuration list for PBXNativeTarget "LoadingViewControllerTests" */;
			buildPhases = (
				075F6C892A8D046B00C8269E /* Sources */,
				075F6C8A2A8D046B00C8269E /* Frameworks */,
				075F6C8B2A8D046B00C8269E /* Resources */,
			);
			buildRules = (
			);
			dependencies = (
				075F6C922A8D046B00C8269E /* PBXTargetDependency */,
			);
			name = LoadingViewControllerTests;
			productName = LoadingViewControllerTests;
			productReference = 075F6C8D2A8D046B00C8269E /* LoadingViewControllerTests.xctest */;
			productType = "com.apple.product-type.bundle.unit-test";
		};
		078463BB2A8E238A0030E0A8 /* HardDependenciesTests */ = {
			isa = PBXNativeTarget;
			buildConfigurationList = 078463C42A8E238B0030E0A8 /* Build configuration list for PBXNativeTarget "HardDependenciesTests" */;
			buildPhases = (
				078463B82A8E238A0030E0A8 /* Sources */,
				078463B92A8E238A0030E0A8 /* Frameworks */,
				078463BA2A8E238A0030E0A8 /* Resources */,
			);
			buildRules = (
			);
			dependencies = (
				078463C12A8E238A0030E0A8 /* PBXTargetDependency */,
			);
			name = HardDependenciesTests;
			productName = HardDependenciesTests;
			productReference = 078463BC2A8E238A0030E0A8 /* HardDependenciesTests.xctest */;
			productType = "com.apple.product-type.bundle.unit-test";
		};
		07BC3BE22A82390800D1B1BA /* CodeCoverageTests */ = {
			isa = PBXNativeTarget;
			buildConfigurationList = 07BC3BE92A82390800D1B1BA /* Build configuration list for PBXNativeTarget "CodeCoverageTests" */;
			buildPhases = (
				07BC3BDF2A82390800D1B1BA /* Sources */,
				07BC3BE02A82390800D1B1BA /* Frameworks */,
				07BC3BE12A82390800D1B1BA /* Resources */,
			);
			buildRules = (
			);
			dependencies = (
				07BC3BE82A82390800D1B1BA /* PBXTargetDependency */,
			);
			name = CodeCoverageTests;
			productName = CodeCoverageTests;
			productReference = 07BC3BE32A82390800D1B1BA /* CodeCoverageTests.xctest */;
			productType = "com.apple.product-type.bundle.unit-test";
		};
		07EAA49D2A8A2C7D00AE09DD /* AppLaunchTests */ = {
			isa = PBXNativeTarget;
			buildConfigurationList = 07EAA4A42A8A2C7D00AE09DD /* Build configuration list for PBXNativeTarget "AppLaunchTests" */;
			buildPhases = (
				07EAA49A2A8A2C7D00AE09DD /* Sources */,
				07EAA49B2A8A2C7D00AE09DD /* Frameworks */,
				07EAA49C2A8A2C7D00AE09DD /* Resources */,
			);
			buildRules = (
			);
			dependencies = (
				07EAA4A32A8A2C7D00AE09DD /* PBXTargetDependency */,
			);
			name = AppLaunchTests;
			productName = AppLaunchTests;
			productReference = 07EAA49E2A8A2C7D00AE09DD /* AppLaunchTests.xctest */;
			productType = "com.apple.product-type.bundle.unit-test";
		};
/* End PBXNativeTarget section */

/* Begin PBXProject section */
		0748D1332A7C039B00B3A6DF /* Project object */ = {
			isa = PBXProject;
			attributes = {
				BuildIndependentTargetsInParallel = 1;
				LastSwiftUpdateCheck = 1430;
				LastUpgradeCheck = 1430;
				TargetAttributes = {
					0748D13A2A7C039B00B3A6DF = {
						CreatedOnToolsVersion = 14.3.1;
					};
					0748D1502A7C039E00B3A6DF = {
						CreatedOnToolsVersion = 14.3.1;
						TestTargetID = 0748D13A2A7C039B00B3A6DF;
					};
					074E68212A934D49000B675E = {
						CreatedOnToolsVersion = 14.3.1;
						TestTargetID = 0748D13A2A7C039B00B3A6DF;
					};
					0751D7F32A7D53EA00F900BF = {
						CreatedOnToolsVersion = 14.3.1;
						TestTargetID = 0748D13A2A7C039B00B3A6DF;
					};
					075F6C8C2A8D046B00C8269E = {
						CreatedOnToolsVersion = 14.3.1;
						TestTargetID = 0748D13A2A7C039B00B3A6DF;
					};
					078463BB2A8E238A0030E0A8 = {
						CreatedOnToolsVersion = 14.3.1;
						TestTargetID = 0748D13A2A7C039B00B3A6DF;
					};
					07BC3BE22A82390800D1B1BA = {
						CreatedOnToolsVersion = 14.3.1;
						TestTargetID = 0748D13A2A7C039B00B3A6DF;
					};
					07EAA49D2A8A2C7D00AE09DD = {
						CreatedOnToolsVersion = 14.3.1;
						TestTargetID = 0748D13A2A7C039B00B3A6DF;
					};
				};
			};
			buildConfigurationList = 0748D1362A7C039B00B3A6DF /* Build configuration list for PBXProject "AssertYourself" */;
			compatibilityVersion = "Xcode 14.0";
			developmentRegion = en;
			hasScannedForEncodings = 0;
			knownRegions = (
				en,
				Base,
			);
			mainGroup = 0748D1322A7C039B00B3A6DF;
			productRefGroup = 0748D13C2A7C039B00B3A6DF /* Products */;
			projectDirPath = "";
			projectRoot = "";
			targets = (
				0748D13A2A7C039B00B3A6DF /* AssertYourself */,
				0748D1502A7C039E00B3A6DF /* AssertYourselfTests */,
				0751D7F32A7D53EA00F900BF /* LifeCycleTests */,
				07BC3BE22A82390800D1B1BA /* CodeCoverageTests */,
				07EAA49D2A8A2C7D00AE09DD /* AppLaunchTests */,
				075F6C8C2A8D046B00C8269E /* LoadingViewControllerTests */,
				078463BB2A8E238A0030E0A8 /* HardDependenciesTests */,
				074E68212A934D49000B675E /* OutletConnectionTests */,
			);
		};
/* End PBXProject section */

/* Begin PBXResourcesBuildPhase section */
		0748D1392A7C039B00B3A6DF /* Resources */ = {
			isa = PBXResourcesBuildPhase;
			buildActionMask = 2147483647;
			files = (
				078463D82A8E37860030E0A8 /* InstanceInitializerViewController.xib in Resources */,
				075F6C9B2A8D114D00C8269E /* XIBBasedViewController.xib in Resources */,
				0748D14B2A7C039D00B3A6DF /* LaunchScreen.storyboard in Resources */,
				0748D1482A7C039D00B3A6DF /* Assets.xcassets in Resources */,
				078463DC2A8E379B0030E0A8 /* ClosureInitializerViewController.xib in Resources */,
				078463D32A8E37570030E0A8 /* OverrideViewController.xib in Resources */,
				078463E02A8E37B20030E0A8 /* MySingletonViewController.xib in Resources */,
				074E682F2A934E2E000B675E /* OutletConnectionsViewController.xib in Resources */,
				0748D1462A7C039B00B3A6DF /* Main.storyboard in Resources */,
			);
			runOnlyForDeploymentPostprocessing = 0;
		};
		0748D14F2A7C039E00B3A6DF /* Resources */ = {
			isa = PBXResourcesBuildPhase;
			buildActionMask = 2147483647;
			files = (
			);
			runOnlyForDeploymentPostprocessing = 0;
		};
		074E68202A934D49000B675E /* Resources */ = {
			isa = PBXResourcesBuildPhase;
			buildActionMask = 2147483647;
			files = (
			);
			runOnlyForDeploymentPostprocessing = 0;
		};
		0751D7F22A7D53EA00F900BF /* Resources */ = {
			isa = PBXResourcesBuildPhase;
			buildActionMask = 2147483647;
			files = (
			);
			runOnlyForDeploymentPostprocessing = 0;
		};
		075F6C8B2A8D046B00C8269E /* Resources */ = {
			isa = PBXResourcesBuildPhase;
			buildActionMask = 2147483647;
			files = (
			);
			runOnlyForDeploymentPostprocessing = 0;
		};
		078463BA2A8E238A0030E0A8 /* Resources */ = {
			isa = PBXResourcesBuildPhase;
			buildActionMask = 2147483647;
			files = (
			);
			runOnlyForDeploymentPostprocessing = 0;
		};
		07BC3BE12A82390800D1B1BA /* Resources */ = {
			isa = PBXResourcesBuildPhase;
			buildActionMask = 2147483647;
			files = (
			);
			runOnlyForDeploymentPostprocessing = 0;
		};
		07EAA49C2A8A2C7D00AE09DD /* Resources */ = {
			isa = PBXResourcesBuildPhase;
			buildActionMask = 2147483647;
			files = (
			);
			runOnlyForDeploymentPostprocessing = 0;
		};
/* End PBXResourcesBuildPhase section */

/* Begin PBXSourcesBuildPhase section */
		0748D1372A7C039B00B3A6DF /* Sources */ = {
			isa = PBXSourcesBuildPhase;
			buildActionMask = 2147483647;
			files = (
				075F6C9A2A8D114D00C8269E /* XIBBasedViewController.swift in Sources */,
				078463DB2A8E379B0030E0A8 /* ClosureInitializerViewController.swift in Sources */,
				078463CF2A8E36D40030E0A8 /* ClosurePropertyViewController.swift in Sources */,
				078463DF2A8E37B20030E0A8 /* MySingletonViewController.swift in Sources */,
				0751D7ED2A7D533500F900BF /* MyClass.swift in Sources */,
				074E682E2A934E2E000B675E /* OutletConnectionsViewController.swift in Sources */,
				075F6CA02A8D1E7700C8269E /* CodeBaseViewController.swift in Sources */,
				078463D22A8E37570030E0A8 /* OverrideViewController.swift in Sources */,
				0748D1432A7C039B00B3A6DF /* ViewController.swift in Sources */,
				078463CC2A8E36720030E0A8 /* InstancePropertyViewController.swift in Sources */,
				078463D72A8E37860030E0A8 /* InstanceInitializerViewController.swift in Sources */,
				0748D13F2A7C039B00B3A6DF /* AppDelegate.swift in Sources */,
				07BC3BEE2A82742900D1B1BA /* CoveredClass.swift in Sources */,
				07D536B72A8A5C7200F1B152 /* MainWrapper.swift in Sources */,
				075F6C972A8D083C00C8269E /* StoryboardBasedViewController.swift in Sources */,
				078463C72A8E35540030E0A8 /* Analytics.swift in Sources */,
				0748D1412A7C039B00B3A6DF /* SceneDelegate.swift in Sources */,
				078463CA2A8E35D40030E0A8 /* MySingletonAnalytics.swift in Sources */,
			);
			runOnlyForDeploymentPostprocessing = 0;
		};
		0748D14D2A7C039E00B3A6DF /* Sources */ = {
			isa = PBXSourcesBuildPhase;
			buildActionMask = 2147483647;
			files = (
				078C5BB92A8E76B800D4EBE0 /* TestAppDelegate.swift in Sources */,
				0748D1562A7C039E00B3A6DF /* AssertYourselfTests.swift in Sources */,
			);
			runOnlyForDeploymentPostprocessing = 0;
		};
		074E681E2A934D49000B675E /* Sources */ = {
			isa = PBXSourcesBuildPhase;
			buildActionMask = 2147483647;
			files = (
				074E68252A934D49000B675E /* OutletConnectionTests.swift in Sources */,
			);
			runOnlyForDeploymentPostprocessing = 0;
		};
		0751D7F02A7D53EA00F900BF /* Sources */ = {
			isa = PBXSourcesBuildPhase;
			buildActionMask = 2147483647;
			files = (
				078C5BBA2A8E76B800D4EBE0 /* TestAppDelegate.swift in Sources */,
				0751D7F72A7D53EA00F900BF /* LifeCycleTests.swift in Sources */,
			);
			runOnlyForDeploymentPostprocessing = 0;
		};
		075F6C892A8D046B00C8269E /* Sources */ = {
			isa = PBXSourcesBuildPhase;
			buildActionMask = 2147483647;
			files = (
				078C5BB72A8E76B500D4EBE0 /* TestAppDelegate.swift in Sources */,
				075F6C9E2A8D126100C8269E /* XIBBasedViewControllerTests.swift in Sources */,
				075F6CA42A8D1E9100C8269E /* CodeBaseViewControllerTests.swift in Sources */,
				075F6C902A8D046B00C8269E /* LoadingViewControllerTests.swift in Sources */,
			);
			runOnlyForDeploymentPostprocessing = 0;
		};
		078463B82A8E238A0030E0A8 /* Sources */ = {
			isa = PBXSourcesBuildPhase;
			buildActionMask = 2147483647;
			files = (
				070C1D072A8FBDA500800D89 /* ClosurePropertyViewControllerTests.swift in Sources */,
				070C1D032A8FBADD00800D89 /* InstancePropertyViewControllerTests.swift in Sources */,
				070C1D052A8FBC4400800D89 /* ClosureInitializerViewControllerTests.swift in Sources */,
				078C5BB82A8E76B500D4EBE0 /* TestAppDelegate.swift in Sources */,
				078C5BB62A8E75F100D4EBE0 /* MySingletonViewControllerTests.swift in Sources */,
				070C1D012A8FBA4600800D89 /* InstanceInitializerViewControllerTests.swift in Sources */,
				070C1CFF2A8FAD7600800D89 /* OverrideViewControllerTests.swift in Sources */,
			);
			runOnlyForDeploymentPostprocessing = 0;
		};
		07BC3BDF2A82390800D1B1BA /* Sources */ = {
			isa = PBXSourcesBuildPhase;
			buildActionMask = 2147483647;
			files = (
				078C5BBB2A8E76B800D4EBE0 /* TestAppDelegate.swift in Sources */,
				07BC3BE62A82390800D1B1BA /* CodeCoverageTests.swift in Sources */,
			);
			runOnlyForDeploymentPostprocessing = 0;
		};
		07EAA49A2A8A2C7D00AE09DD /* Sources */ = {
			isa = PBXSourcesBuildPhase;
			buildActionMask = 2147483647;
			files = (
				07EAA4A82A8A305600AE09DD /* TestAppDelegate.swift in Sources */,
				07EAA4A12A8A2C7D00AE09DD /* AppLaunchTests.swift in Sources */,
			);
			runOnlyForDeploymentPostprocessing = 0;
		};
/* End PBXSourcesBuildPhase section */

/* Begin PBXTargetDependency section */
		0748D1532A7C039E00B3A6DF /* PBXTargetDependency */ = {
			isa = PBXTargetDependency;
			target = 0748D13A2A7C039B00B3A6DF /* AssertYourself */;
			targetProxy = 0748D1522A7C039E00B3A6DF /* PBXContainerItemProxy */;
		};
		074E68272A934D49000B675E /* PBXTargetDependency */ = {
			isa = PBXTargetDependency;
			target = 0748D13A2A7C039B00B3A6DF /* AssertYourself */;
			targetProxy = 074E68262A934D49000B675E /* PBXContainerItemProxy */;
		};
		0751D7F92A7D53EA00F900BF /* PBXTargetDependency */ = {
			isa = PBXTargetDependency;
			target = 0748D13A2A7C039B00B3A6DF /* AssertYourself */;
			targetProxy = 0751D7F82A7D53EA00F900BF /* PBXContainerItemProxy */;
		};
		075F6C922A8D046B00C8269E /* PBXTargetDependency */ = {
			isa = PBXTargetDependency;
			target = 0748D13A2A7C039B00B3A6DF /* AssertYourself */;
			targetProxy = 075F6C912A8D046B00C8269E /* PBXContainerItemProxy */;
		};
		078463C12A8E238A0030E0A8 /* PBXTargetDependency */ = {
			isa = PBXTargetDependency;
			target = 0748D13A2A7C039B00B3A6DF /* AssertYourself */;
			targetProxy = 078463C02A8E238A0030E0A8 /* PBXContainerItemProxy */;
		};
		07BC3BE82A82390800D1B1BA /* PBXTargetDependency */ = {
			isa = PBXTargetDependency;
			target = 0748D13A2A7C039B00B3A6DF /* AssertYourself */;
			targetProxy = 07BC3BE72A82390800D1B1BA /* PBXContainerItemProxy */;
		};
		07EAA4A32A8A2C7D00AE09DD /* PBXTargetDependency */ = {
			isa = PBXTargetDependency;
			target = 0748D13A2A7C039B00B3A6DF /* AssertYourself */;
			targetProxy = 07EAA4A22A8A2C7D00AE09DD /* PBXContainerItemProxy */;
		};
/* End PBXTargetDependency section */

/* Begin PBXVariantGroup section */
		0748D1442A7C039B00B3A6DF /* Main.storyboard */ = {
			isa = PBXVariantGroup;
			children = (
				0748D1452A7C039B00B3A6DF /* Base */,
			);
			name = Main.storyboard;
			sourceTree = "<group>";
		};
		0748D1492A7C039D00B3A6DF /* LaunchScreen.storyboard */ = {
			isa = PBXVariantGroup;
			children = (
				0748D14A2A7C039D00B3A6DF /* Base */,
			);
			name = LaunchScreen.storyboard;
			sourceTree = "<group>";
		};
/* End PBXVariantGroup section */

/* Begin XCBuildConfiguration section */
		0748D1632A7C039E00B3A6DF /* Debug */ = {
			isa = XCBuildConfiguration;
			buildSettings = {
				ALWAYS_SEARCH_USER_PATHS = NO;
				CLANG_ANALYZER_NONNULL = YES;
				CLANG_ANALYZER_NUMBER_OBJECT_CONVERSION = YES_AGGRESSIVE;
				CLANG_CXX_LANGUAGE_STANDARD = "gnu++20";
				CLANG_ENABLE_MODULES = YES;
				CLANG_ENABLE_OBJC_ARC = YES;
				CLANG_ENABLE_OBJC_WEAK = YES;
				CLANG_WARN_BLOCK_CAPTURE_AUTORELEASING = YES;
				CLANG_WARN_BOOL_CONVERSION = YES;
				CLANG_WARN_COMMA = YES;
				CLANG_WARN_CONSTANT_CONVERSION = YES;
				CLANG_WARN_DEPRECATED_OBJC_IMPLEMENTATIONS = YES;
				CLANG_WARN_DIRECT_OBJC_ISA_USAGE = YES_ERROR;
				CLANG_WARN_DOCUMENTATION_COMMENTS = YES;
				CLANG_WARN_EMPTY_BODY = YES;
				CLANG_WARN_ENUM_CONVERSION = YES;
				CLANG_WARN_INFINITE_RECURSION = YES;
				CLANG_WARN_INT_CONVERSION = YES;
				CLANG_WARN_NON_LITERAL_NULL_CONVERSION = YES;
				CLANG_WARN_OBJC_IMPLICIT_RETAIN_SELF = YES;
				CLANG_WARN_OBJC_LITERAL_CONVERSION = YES;
				CLANG_WARN_OBJC_ROOT_CLASS = YES_ERROR;
				CLANG_WARN_QUOTED_INCLUDE_IN_FRAMEWORK_HEADER = YES;
				CLANG_WARN_RANGE_LOOP_ANALYSIS = YES;
				CLANG_WARN_STRICT_PROTOTYPES = YES;
				CLANG_WARN_SUSPICIOUS_MOVE = YES;
				CLANG_WARN_UNGUARDED_AVAILABILITY = YES_AGGRESSIVE;
				CLANG_WARN_UNREACHABLE_CODE = YES;
				CLANG_WARN__DUPLICATE_METHOD_MATCH = YES;
				COPY_PHASE_STRIP = NO;
				DEBUG_INFORMATION_FORMAT = dwarf;
				ENABLE_STRICT_OBJC_MSGSEND = YES;
				ENABLE_TESTABILITY = YES;
				GCC_C_LANGUAGE_STANDARD = gnu11;
				GCC_DYNAMIC_NO_PIC = NO;
				GCC_NO_COMMON_BLOCKS = YES;
				GCC_OPTIMIZATION_LEVEL = 0;
				GCC_PREPROCESSOR_DEFINITIONS = (
					"DEBUG=1",
					"$(inherited)",
				);
				GCC_WARN_64_TO_32_BIT_CONVERSION = YES;
				GCC_WARN_ABOUT_RETURN_TYPE = YES_ERROR;
				GCC_WARN_UNDECLARED_SELECTOR = YES;
				GCC_WARN_UNINITIALIZED_AUTOS = YES_AGGRESSIVE;
				GCC_WARN_UNUSED_FUNCTION = YES;
				GCC_WARN_UNUSED_VARIABLE = YES;
				IPHONEOS_DEPLOYMENT_TARGET = 16.4;
				MTL_ENABLE_DEBUG_INFO = INCLUDE_SOURCE;
				MTL_FAST_MATH = YES;
				ONLY_ACTIVE_ARCH = YES;
				SDKROOT = iphoneos;
				SWIFT_ACTIVE_COMPILATION_CONDITIONS = DEBUG;
				SWIFT_OPTIMIZATION_LEVEL = "-Onone";
			};
			name = Debug;
		};
		0748D1642A7C039E00B3A6DF /* Release */ = {
			isa = XCBuildConfiguration;
			buildSettings = {
				ALWAYS_SEARCH_USER_PATHS = NO;
				CLANG_ANALYZER_NONNULL = YES;
				CLANG_ANALYZER_NUMBER_OBJECT_CONVERSION = YES_AGGRESSIVE;
				CLANG_CXX_LANGUAGE_STANDARD = "gnu++20";
				CLANG_ENABLE_MODULES = YES;
				CLANG_ENABLE_OBJC_ARC = YES;
				CLANG_ENABLE_OBJC_WEAK = YES;
				CLANG_WARN_BLOCK_CAPTURE_AUTORELEASING = YES;
				CLANG_WARN_BOOL_CONVERSION = YES;
				CLANG_WARN_COMMA = YES;
				CLANG_WARN_CONSTANT_CONVERSION = YES;
				CLANG_WARN_DEPRECATED_OBJC_IMPLEMENTATIONS = YES;
				CLANG_WARN_DIRECT_OBJC_ISA_USAGE = YES_ERROR;
				CLANG_WARN_DOCUMENTATION_COMMENTS = YES;
				CLANG_WARN_EMPTY_BODY = YES;
				CLANG_WARN_ENUM_CONVERSION = YES;
				CLANG_WARN_INFINITE_RECURSION = YES;
				CLANG_WARN_INT_CONVERSION = YES;
				CLANG_WARN_NON_LITERAL_NULL_CONVERSION = YES;
				CLANG_WARN_OBJC_IMPLICIT_RETAIN_SELF = YES;
				CLANG_WARN_OBJC_LITERAL_CONVERSION = YES;
				CLANG_WARN_OBJC_ROOT_CLASS = YES_ERROR;
				CLANG_WARN_QUOTED_INCLUDE_IN_FRAMEWORK_HEADER = YES;
				CLANG_WARN_RANGE_LOOP_ANALYSIS = YES;
				CLANG_WARN_STRICT_PROTOTYPES = YES;
				CLANG_WARN_SUSPICIOUS_MOVE = YES;
				CLANG_WARN_UNGUARDED_AVAILABILITY = YES_AGGRESSIVE;
				CLANG_WARN_UNREACHABLE_CODE = YES;
				CLANG_WARN__DUPLICATE_METHOD_MATCH = YES;
				COPY_PHASE_STRIP = NO;
				DEBUG_INFORMATION_FORMAT = "dwarf-with-dsym";
				ENABLE_NS_ASSERTIONS = NO;
				ENABLE_STRICT_OBJC_MSGSEND = YES;
				GCC_C_LANGUAGE_STANDARD = gnu11;
				GCC_NO_COMMON_BLOCKS = YES;
				GCC_WARN_64_TO_32_BIT_CONVERSION = YES;
				GCC_WARN_ABOUT_RETURN_TYPE = YES_ERROR;
				GCC_WARN_UNDECLARED_SELECTOR = YES;
				GCC_WARN_UNINITIALIZED_AUTOS = YES_AGGRESSIVE;
				GCC_WARN_UNUSED_FUNCTION = YES;
				GCC_WARN_UNUSED_VARIABLE = YES;
				IPHONEOS_DEPLOYMENT_TARGET = 16.4;
				MTL_ENABLE_DEBUG_INFO = NO;
				MTL_FAST_MATH = YES;
				SDKROOT = iphoneos;
				SWIFT_COMPILATION_MODE = wholemodule;
				SWIFT_OPTIMIZATION_LEVEL = "-O";
				VALIDATE_PRODUCT = YES;
			};
			name = Release;
		};
		0748D1662A7C039E00B3A6DF /* Debug */ = {
			isa = XCBuildConfiguration;
			buildSettings = {
				ASSETCATALOG_COMPILER_APPICON_NAME = AppIcon;
				ASSETCATALOG_COMPILER_GLOBAL_ACCENT_COLOR_NAME = AccentColor;
				CODE_SIGN_STYLE = Automatic;
				CURRENT_PROJECT_VERSION = 1;
				DEVELOPMENT_TEAM = UKS358BH88;
				GENERATE_INFOPLIST_FILE = YES;
				INFOPLIST_FILE = Support/Info.plist;
				INFOPLIST_KEY_UIApplicationSupportsIndirectInputEvents = YES;
				INFOPLIST_KEY_UILaunchStoryboardName = LaunchScreen;
				INFOPLIST_KEY_UIMainStoryboardFile = Main;
				INFOPLIST_KEY_UISupportedInterfaceOrientations_iPad = "UIInterfaceOrientationPortrait UIInterfaceOrientationPortraitUpsideDown UIInterfaceOrientationLandscapeLeft UIInterfaceOrientationLandscapeRight";
				INFOPLIST_KEY_UISupportedInterfaceOrientations_iPhone = "UIInterfaceOrientationPortrait UIInterfaceOrientationLandscapeLeft UIInterfaceOrientationLandscapeRight";
				LD_RUNPATH_SEARCH_PATHS = (
					"$(inherited)",
					"@executable_path/Frameworks",
				);
				MARKETING_VERSION = 1.0;
				PRODUCT_BUNDLE_IDENTIFIER = "com.backslash-f.AssertYourself";
				PRODUCT_NAME = "$(TARGET_NAME)";
				SWIFT_EMIT_LOC_STRINGS = YES;
				SWIFT_VERSION = 5.0;
				TARGETED_DEVICE_FAMILY = "1,2";
			};
			name = Debug;
		};
		0748D1672A7C039E00B3A6DF /* Release */ = {
			isa = XCBuildConfiguration;
			buildSettings = {
				ASSETCATALOG_COMPILER_APPICON_NAME = AppIcon;
				ASSETCATALOG_COMPILER_GLOBAL_ACCENT_COLOR_NAME = AccentColor;
				CODE_SIGN_STYLE = Automatic;
				CURRENT_PROJECT_VERSION = 1;
				DEVELOPMENT_TEAM = UKS358BH88;
				GENERATE_INFOPLIST_FILE = YES;
				INFOPLIST_FILE = Support/Info.plist;
				INFOPLIST_KEY_UIApplicationSupportsIndirectInputEvents = YES;
				INFOPLIST_KEY_UILaunchStoryboardName = LaunchScreen;
				INFOPLIST_KEY_UIMainStoryboardFile = Main;
				INFOPLIST_KEY_UISupportedInterfaceOrientations_iPad = "UIInterfaceOrientationPortrait UIInterfaceOrientationPortraitUpsideDown UIInterfaceOrientationLandscapeLeft UIInterfaceOrientationLandscapeRight";
				INFOPLIST_KEY_UISupportedInterfaceOrientations_iPhone = "UIInterfaceOrientationPortrait UIInterfaceOrientationLandscapeLeft UIInterfaceOrientationLandscapeRight";
				LD_RUNPATH_SEARCH_PATHS = (
					"$(inherited)",
					"@executable_path/Frameworks",
				);
				MARKETING_VERSION = 1.0;
				PRODUCT_BUNDLE_IDENTIFIER = "com.backslash-f.AssertYourself";
				PRODUCT_NAME = "$(TARGET_NAME)";
				SWIFT_EMIT_LOC_STRINGS = YES;
				SWIFT_VERSION = 5.0;
				TARGETED_DEVICE_FAMILY = "1,2";
			};
			name = Release;
		};
		0748D1692A7C039E00B3A6DF /* Debug */ = {
			isa = XCBuildConfiguration;
			buildSettings = {
				ALWAYS_EMBED_SWIFT_STANDARD_LIBRARIES = YES;
				BUNDLE_LOADER = "$(TEST_HOST)";
				CODE_SIGN_STYLE = Automatic;
				CURRENT_PROJECT_VERSION = 1;
				DEVELOPMENT_TEAM = UKS358BH88;
				GENERATE_INFOPLIST_FILE = YES;
				IPHONEOS_DEPLOYMENT_TARGET = 16.4;
				MARKETING_VERSION = 1.0;
				PRODUCT_BUNDLE_IDENTIFIER = "com.backslash-f.AssertYourselfTests";
				PRODUCT_NAME = "$(TARGET_NAME)";
				SWIFT_EMIT_LOC_STRINGS = NO;
				SWIFT_VERSION = 5.0;
				TARGETED_DEVICE_FAMILY = "1,2";
				TEST_HOST = "$(BUILT_PRODUCTS_DIR)/AssertYourself.app/$(BUNDLE_EXECUTABLE_FOLDER_PATH)/AssertYourself";
			};
			name = Debug;
		};
		0748D16A2A7C039E00B3A6DF /* Release */ = {
			isa = XCBuildConfiguration;
			buildSettings = {
				ALWAYS_EMBED_SWIFT_STANDARD_LIBRARIES = YES;
				BUNDLE_LOADER = "$(TEST_HOST)";
				CODE_SIGN_STYLE = Automatic;
				CURRENT_PROJECT_VERSION = 1;
				DEVELOPMENT_TEAM = UKS358BH88;
				GENERATE_INFOPLIST_FILE = YES;
				IPHONEOS_DEPLOYMENT_TARGET = 16.4;
				MARKETING_VERSION = 1.0;
				PRODUCT_BUNDLE_IDENTIFIER = "com.backslash-f.AssertYourselfTests";
				PRODUCT_NAME = "$(TARGET_NAME)";
				SWIFT_EMIT_LOC_STRINGS = NO;
				SWIFT_VERSION = 5.0;
				TARGETED_DEVICE_FAMILY = "1,2";
				TEST_HOST = "$(BUILT_PRODUCTS_DIR)/AssertYourself.app/$(BUNDLE_EXECUTABLE_FOLDER_PATH)/AssertYourself";
			};
			name = Release;
		};
		074E68282A934D49000B675E /* Debug */ = {
			isa = XCBuildConfiguration;
			buildSettings = {
				BUNDLE_LOADER = "$(TEST_HOST)";
				CODE_SIGN_STYLE = Automatic;
				CURRENT_PROJECT_VERSION = 1;
				DEVELOPMENT_TEAM = UKS358BH88;
				GENERATE_INFOPLIST_FILE = YES;
				MARKETING_VERSION = 1.0;
				PRODUCT_BUNDLE_IDENTIFIER = "com.backslash-f.OutletConnectionTests";
				PRODUCT_NAME = "$(TARGET_NAME)";
				SWIFT_EMIT_LOC_STRINGS = NO;
				SWIFT_VERSION = 5.0;
				TARGETED_DEVICE_FAMILY = "1,2";
				TEST_HOST = "$(BUILT_PRODUCTS_DIR)/AssertYourself.app/$(BUNDLE_EXECUTABLE_FOLDER_PATH)/AssertYourself";
			};
			name = Debug;
		};
		074E68292A934D49000B675E /* Release */ = {
			isa = XCBuildConfiguration;
			buildSettings = {
				BUNDLE_LOADER = "$(TEST_HOST)";
				CODE_SIGN_STYLE = Automatic;
				CURRENT_PROJECT_VERSION = 1;
				DEVELOPMENT_TEAM = UKS358BH88;
				GENERATE_INFOPLIST_FILE = YES;
				MARKETING_VERSION = 1.0;
				PRODUCT_BUNDLE_IDENTIFIER = "com.backslash-f.OutletConnectionTests";
				PRODUCT_NAME = "$(TARGET_NAME)";
				SWIFT_EMIT_LOC_STRINGS = NO;
				SWIFT_VERSION = 5.0;
				TARGETED_DEVICE_FAMILY = "1,2";
				TEST_HOST = "$(BUILT_PRODUCTS_DIR)/AssertYourself.app/$(BUNDLE_EXECUTABLE_FOLDER_PATH)/AssertYourself";
			};
			name = Release;
		};
		0751D7FB2A7D53EA00F900BF /* Debug */ = {
			isa = XCBuildConfiguration;
			buildSettings = {
				BUNDLE_LOADER = "$(TEST_HOST)";
				CODE_SIGN_STYLE = Automatic;
				CURRENT_PROJECT_VERSION = 1;
				DEVELOPMENT_TEAM = UKS358BH88;
				GENERATE_INFOPLIST_FILE = YES;
				MARKETING_VERSION = 1.0;
				PRODUCT_BUNDLE_IDENTIFIER = "com.backslash-f.LifeCycleTests";
				PRODUCT_NAME = "$(TARGET_NAME)";
				SWIFT_EMIT_LOC_STRINGS = NO;
				SWIFT_VERSION = 5.0;
				TARGETED_DEVICE_FAMILY = "1,2";
				TEST_HOST = "$(BUILT_PRODUCTS_DIR)/AssertYourself.app/$(BUNDLE_EXECUTABLE_FOLDER_PATH)/AssertYourself";
			};
			name = Debug;
		};
		0751D7FC2A7D53EA00F900BF /* Release */ = {
			isa = XCBuildConfiguration;
			buildSettings = {
				BUNDLE_LOADER = "$(TEST_HOST)";
				CODE_SIGN_STYLE = Automatic;
				CURRENT_PROJECT_VERSION = 1;
				DEVELOPMENT_TEAM = UKS358BH88;
				GENERATE_INFOPLIST_FILE = YES;
				MARKETING_VERSION = 1.0;
				PRODUCT_BUNDLE_IDENTIFIER = "com.backslash-f.LifeCycleTests";
				PRODUCT_NAME = "$(TARGET_NAME)";
				SWIFT_EMIT_LOC_STRINGS = NO;
				SWIFT_VERSION = 5.0;
				TARGETED_DEVICE_FAMILY = "1,2";
				TEST_HOST = "$(BUILT_PRODUCTS_DIR)/AssertYourself.app/$(BUNDLE_EXECUTABLE_FOLDER_PATH)/AssertYourself";
			};
			name = Release;
		};
		075F6C942A8D046B00C8269E /* Debug */ = {
			isa = XCBuildConfiguration;
			buildSettings = {
				BUNDLE_LOADER = "$(TEST_HOST)";
				CODE_SIGN_STYLE = Automatic;
				CURRENT_PROJECT_VERSION = 1;
				DEVELOPMENT_TEAM = UKS358BH88;
				GENERATE_INFOPLIST_FILE = YES;
				MARKETING_VERSION = 1.0;
				PRODUCT_BUNDLE_IDENTIFIER = "com.backslash-f.LoadingViewControllerTests";
				PRODUCT_NAME = "$(TARGET_NAME)";
				SWIFT_EMIT_LOC_STRINGS = NO;
				SWIFT_VERSION = 5.0;
				TARGETED_DEVICE_FAMILY = "1,2";
				TEST_HOST = "$(BUILT_PRODUCTS_DIR)/AssertYourself.app/$(BUNDLE_EXECUTABLE_FOLDER_PATH)/AssertYourself";
			};
			name = Debug;
		};
		075F6C952A8D046B00C8269E /* Release */ = {
			isa = XCBuildConfiguration;
			buildSettings = {
				BUNDLE_LOADER = "$(TEST_HOST)";
				CODE_SIGN_STYLE = Automatic;
				CURRENT_PROJECT_VERSION = 1;
				DEVELOPMENT_TEAM = UKS358BH88;
				GENERATE_INFOPLIST_FILE = YES;
				MARKETING_VERSION = 1.0;
				PRODUCT_BUNDLE_IDENTIFIER = "com.backslash-f.LoadingViewControllerTests";
				PRODUCT_NAME = "$(TARGET_NAME)";
				SWIFT_EMIT_LOC_STRINGS = NO;
				SWIFT_VERSION = 5.0;
				TARGETED_DEVICE_FAMILY = "1,2";
				TEST_HOST = "$(BUILT_PRODUCTS_DIR)/AssertYourself.app/$(BUNDLE_EXECUTABLE_FOLDER_PATH)/AssertYourself";
			};
			name = Release;
		};
		078463C22A8E238B0030E0A8 /* Debug */ = {
			isa = XCBuildConfiguration;
			buildSettings = {
				BUNDLE_LOADER = "$(TEST_HOST)";
				CODE_SIGN_STYLE = Automatic;
				CURRENT_PROJECT_VERSION = 1;
				DEVELOPMENT_TEAM = UKS358BH88;
				GENERATE_INFOPLIST_FILE = YES;
				MARKETING_VERSION = 1.0;
				PRODUCT_BUNDLE_IDENTIFIER = "com.backslash-f.HardDependenciesTests";
				PRODUCT_NAME = "$(TARGET_NAME)";
				SWIFT_EMIT_LOC_STRINGS = NO;
				SWIFT_VERSION = 5.0;
				TARGETED_DEVICE_FAMILY = "1,2";
				TEST_HOST = "$(BUILT_PRODUCTS_DIR)/AssertYourself.app/$(BUNDLE_EXECUTABLE_FOLDER_PATH)/AssertYourself";
			};
			name = Debug;
		};
		078463C32A8E238B0030E0A8 /* Release */ = {
			isa = XCBuildConfiguration;
			buildSettings = {
				BUNDLE_LOADER = "$(TEST_HOST)";
				CODE_SIGN_STYLE = Automatic;
				CURRENT_PROJECT_VERSION = 1;
				DEVELOPMENT_TEAM = UKS358BH88;
				GENERATE_INFOPLIST_FILE = YES;
				MARKETING_VERSION = 1.0;
				PRODUCT_BUNDLE_IDENTIFIER = "com.backslash-f.HardDependenciesTests";
				PRODUCT_NAME = "$(TARGET_NAME)";
				SWIFT_EMIT_LOC_STRINGS = NO;
				SWIFT_VERSION = 5.0;
				TARGETED_DEVICE_FAMILY = "1,2";
				TEST_HOST = "$(BUILT_PRODUCTS_DIR)/AssertYourself.app/$(BUNDLE_EXECUTABLE_FOLDER_PATH)/AssertYourself";
			};
			name = Release;
		};
		07BC3BEA2A82390800D1B1BA /* Debug */ = {
			isa = XCBuildConfiguration;
			buildSettings = {
				BUNDLE_LOADER = "$(TEST_HOST)";
				CODE_SIGN_STYLE = Automatic;
				CURRENT_PROJECT_VERSION = 1;
				DEVELOPMENT_TEAM = UKS358BH88;
				GENERATE_INFOPLIST_FILE = YES;
				MARKETING_VERSION = 1.0;
				PRODUCT_BUNDLE_IDENTIFIER = "com.backslash-f.CodeCoverageTests";
				PRODUCT_NAME = "$(TARGET_NAME)";
				SWIFT_EMIT_LOC_STRINGS = NO;
				SWIFT_VERSION = 5.0;
				TARGETED_DEVICE_FAMILY = "1,2";
				TEST_HOST = "$(BUILT_PRODUCTS_DIR)/AssertYourself.app/$(BUNDLE_EXECUTABLE_FOLDER_PATH)/AssertYourself";
			};
			name = Debug;
		};
		07BC3BEB2A82390800D1B1BA /* Release */ = {
			isa = XCBuildConfiguration;
			buildSettings = {
				BUNDLE_LOADER = "$(TEST_HOST)";
				CODE_SIGN_STYLE = Automatic;
				CURRENT_PROJECT_VERSION = 1;
				DEVELOPMENT_TEAM = UKS358BH88;
				GENERATE_INFOPLIST_FILE = YES;
				MARKETING_VERSION = 1.0;
				PRODUCT_BUNDLE_IDENTIFIER = "com.backslash-f.CodeCoverageTests";
				PRODUCT_NAME = "$(TARGET_NAME)";
				SWIFT_EMIT_LOC_STRINGS = NO;
				SWIFT_VERSION = 5.0;
				TARGETED_DEVICE_FAMILY = "1,2";
				TEST_HOST = "$(BUILT_PRODUCTS_DIR)/AssertYourself.app/$(BUNDLE_EXECUTABLE_FOLDER_PATH)/AssertYourself";
			};
			name = Release;
		};
		07EAA4A52A8A2C7D00AE09DD /* Debug */ = {
			isa = XCBuildConfiguration;
			buildSettings = {
				BUNDLE_LOADER = "$(TEST_HOST)";
				CODE_SIGN_STYLE = Automatic;
				CURRENT_PROJECT_VERSION = 1;
				DEVELOPMENT_TEAM = UKS358BH88;
				GENERATE_INFOPLIST_FILE = YES;
				MARKETING_VERSION = 1.0;
				PRODUCT_BUNDLE_IDENTIFIER = "com.backslash-f.AppLaunchTests";
				PRODUCT_NAME = "$(TARGET_NAME)";
				SWIFT_EMIT_LOC_STRINGS = NO;
				SWIFT_VERSION = 5.0;
				TARGETED_DEVICE_FAMILY = "1,2";
				TEST_HOST = "$(BUILT_PRODUCTS_DIR)/AssertYourself.app/$(BUNDLE_EXECUTABLE_FOLDER_PATH)/AssertYourself";
			};
			name = Debug;
		};
		07EAA4A62A8A2C7D00AE09DD /* Release */ = {
			isa = XCBuildConfiguration;
			buildSettings = {
				BUNDLE_LOADER = "$(TEST_HOST)";
				CODE_SIGN_STYLE = Automatic;
				CURRENT_PROJECT_VERSION = 1;
				DEVELOPMENT_TEAM = UKS358BH88;
				GENERATE_INFOPLIST_FILE = YES;
				MARKETING_VERSION = 1.0;
				PRODUCT_BUNDLE_IDENTIFIER = "com.backslash-f.AppLaunchTests";
				PRODUCT_NAME = "$(TARGET_NAME)";
				SWIFT_EMIT_LOC_STRINGS = NO;
				SWIFT_VERSION = 5.0;
				TARGETED_DEVICE_FAMILY = "1,2";
				TEST_HOST = "$(BUILT_PRODUCTS_DIR)/AssertYourself.app/$(BUNDLE_EXECUTABLE_FOLDER_PATH)/AssertYourself";
			};
			name = Release;
		};
/* End XCBuildConfiguration section */

/* Begin XCConfigurationList section */
		0748D1362A7C039B00B3A6DF /* Build configuration list for PBXProject "AssertYourself" */ = {
			isa = XCConfigurationList;
			buildConfigurations = (
				0748D1632A7C039E00B3A6DF /* Debug */,
				0748D1642A7C039E00B3A6DF /* Release */,
			);
			defaultConfigurationIsVisible = 0;
			defaultConfigurationName = Release;
		};
		0748D1652A7C039E00B3A6DF /* Build configuration list for PBXNativeTarget "AssertYourself" */ = {
			isa = XCConfigurationList;
			buildConfigurations = (
				0748D1662A7C039E00B3A6DF /* Debug */,
				0748D1672A7C039E00B3A6DF /* Release */,
			);
			defaultConfigurationIsVisible = 0;
			defaultConfigurationName = Release;
		};
		0748D1682A7C039E00B3A6DF /* Build configuration list for PBXNativeTarget "AssertYourselfTests" */ = {
			isa = XCConfigurationList;
			buildConfigurations = (
				0748D1692A7C039E00B3A6DF /* Debug */,
				0748D16A2A7C039E00B3A6DF /* Release */,
			);
			defaultConfigurationIsVisible = 0;
			defaultConfigurationName = Release;
		};
		074E682A2A934D49000B675E /* Build configuration list for PBXNativeTarget "OutletConnectionTests" */ = {
			isa = XCConfigurationList;
			buildConfigurations = (
				074E68282A934D49000B675E /* Debug */,
				074E68292A934D49000B675E /* Release */,
			);
			defaultConfigurationIsVisible = 0;
			defaultConfigurationName = Release;
		};
		0751D7FA2A7D53EA00F900BF /* Build configuration list for PBXNativeTarget "LifeCycleTests" */ = {
			isa = XCConfigurationList;
			buildConfigurations = (
				0751D7FB2A7D53EA00F900BF /* Debug */,
				0751D7FC2A7D53EA00F900BF /* Release */,
			);
			defaultConfigurationIsVisible = 0;
			defaultConfigurationName = Release;
		};
		075F6C932A8D046B00C8269E /* Build configuration list for PBXNativeTarget "LoadingViewControllerTests" */ = {
			isa = XCConfigurationList;
			buildConfigurations = (
				075F6C942A8D046B00C8269E /* Debug */,
				075F6C952A8D046B00C8269E /* Release */,
			);
			defaultConfigurationIsVisible = 0;
			defaultConfigurationName = Release;
		};
		078463C42A8E238B0030E0A8 /* Build configuration list for PBXNativeTarget "HardDependenciesTests" */ = {
			isa = XCConfigurationList;
			buildConfigurations = (
				078463C22A8E238B0030E0A8 /* Debug */,
				078463C32A8E238B0030E0A8 /* Release */,
			);
			defaultConfigurationIsVisible = 0;
			defaultConfigurationName = Release;
		};
		07BC3BE92A82390800D1B1BA /* Build configuration list for PBXNativeTarget "CodeCoverageTests" */ = {
			isa = XCConfigurationList;
			buildConfigurations = (
				07BC3BEA2A82390800D1B1BA /* Debug */,
				07BC3BEB2A82390800D1B1BA /* Release */,
			);
			defaultConfigurationIsVisible = 0;
			defaultConfigurationName = Release;
		};
		07EAA4A42A8A2C7D00AE09DD /* Build configuration list for PBXNativeTarget "AppLaunchTests" */ = {
			isa = XCConfigurationList;
			buildConfigurations = (
				07EAA4A52A8A2C7D00AE09DD /* Debug */,
				07EAA4A62A8A2C7D00AE09DD /* Release */,
			);
			defaultConfigurationIsVisible = 0;
			defaultConfigurationName = Release;
		};
/* End XCConfigurationList section */
	};
	rootObject = 0748D1332A7C039B00B3A6DF /* Project object */;
}
